{
  "name": "learning-npm",
  "version": "1.0.0",
  "lockfileVersion": 3,
  "requires": true,
  "packages": {
    "": {
      "name": "learning-npm",
      "version": "1.0.0",
      "license": "ISC",
      "dependencies": {
        "happn-sillyname": "^0.1.1"
      }
    },
    "node_modules/happn-sillyname": {
      "version": "0.1.1",
      "resolved": "https://registry.npmjs.org/happn-sillyname/-/happn-sillyname-0.1.1.tgz",
      "integrity": "sha512-6GJmBHy2NmsWQ6Ay5lxNd3wVG9oTn237MVMHUB9l7rLAfMZ7w9SeAxX3Z1KXpUgPB6VeS1Bb20qxeT+Y9tbpXw=="
    }
  }
}
